// !$*UTF8*$!
{
	archiveVersion = 1;
	classes = {
	};
	objectVersion = 56;
	objects = {

/* Begin PBXBuildFile section */
		23688C156EE59B631D7970EB /* Pods_iOSDemo2.framework in Frameworks */ = {isa = PBXBuildFile; fileRef = CB604DA2872D5AE573D5914A /* Pods_iOSDemo2.framework */; };
		B656ABA32B58D1B60035E1F2 /* AppDelegate.swift in Sources */ = {isa = PBXBuildFile; fileRef = B656ABA22B58D1B60035E1F2 /* AppDelegate.swift */; };
		B656ABA72B58D1B60035E1F2 /* ViewController.swift in Sources */ = {isa = PBXBuildFile; fileRef = B656ABA62B58D1B60035E1F2 /* ViewController.swift */; };
		B656ABAC2B58D1B80035E1F2 /* Assets.xcassets in Resources */ = {isa = PBXBuildFile; fileRef = B656ABAB2B58D1B80035E1F2 /* Assets.xcassets */; };
		B656ABAF2B58D1B80035E1F2 /* LaunchScreen.storyboard in Resources */ = {isa = PBXBuildFile; fileRef = B656ABAD2B58D1B80035E1F2 /* LaunchScreen.storyboard */; };
		B656ABBA2B58D1B90035E1F2 /* iOSDemo2Tests.swift in Sources */ = {isa = PBXBuildFile; fileRef = B656ABB92B58D1B90035E1F2 /* iOSDemo2Tests.swift */; };
		B656ABC42B58D1B90035E1F2 /* iOSDemo2UITests.swift in Sources */ = {isa = PBXBuildFile; fileRef = B656ABC32B58D1B90035E1F2 /* iOSDemo2UITests.swift */; };
		B656ABC62B58D1B90035E1F2 /* iOSDemo2UITestsLaunchTests.swift in Sources */ = {isa = PBXBuildFile; fileRef = B656ABC52B58D1B90035E1F2 /* iOSDemo2UITestsLaunchTests.swift */; };
		B6B8706A2B5DFF25001E64AF /* Localizable.xcstrings in Resources */ = {isa = PBXBuildFile; fileRef = B6B870692B5DFF25001E64AF /* Localizable.xcstrings */; };
		B6B8706D2B61EF92001E64AF /* SuperUIColorExtenstion.swift in Sources */ = {isa = PBXBuildFile; fileRef = B6B8706C2B61EF92001E64AF /* SuperUIColorExtenstion.swift */; };
		B6B8706F2B61F331001E64AF /* SuperUIThemeExtension.swift in Sources */ = {isa = PBXBuildFile; fileRef = B6B8706E2B61F331001E64AF /* SuperUIThemeExtension.swift */; };
		B6CDEDFE2B5926E400A0AEE4 /* SettingsController.swift in Sources */ = {isa = PBXBuildFile; fileRef = B6CDEDFD2B5926E400A0AEE4 /* SettingsController.swift */; };
		B6CDEE012B5947E100A0AEE4 /* SettingsView.swift in Sources */ = {isa = PBXBuildFile; fileRef = B6CDEE002B5947E100A0AEE4 /* SettingsView.swift */; };
		BEEAD7CA86B4AB7D7B89EC14 /* Pods_iOSDemo2Tests.framework in Frameworks */ = {isa = PBXBuildFile; fileRef = A929B380ED8CAB96E2490D1B /* Pods_iOSDemo2Tests.framework */; };
		D1B6C61E9F82D9C586D8ECC4 /* Pods_iOSDemo2_iOSDemo2UITests.framework in Frameworks */ = {isa = PBXBuildFile; fileRef = 49ED66F2FFDF701ADCA994D6 /* Pods_iOSDemo2_iOSDemo2UITests.framework */; };
/* End PBXBuildFile section */

/* Begin PBXContainerItemProxy section */
		B656ABB62B58D1B80035E1F2 /* PBXContainerItemProxy */ = {
			isa = PBXContainerItemProxy;
			containerPortal = B656AB972B58D1B50035E1F2 /* Project object */;
			proxyType = 1;
			remoteGlobalIDString = B656AB9E2B58D1B60035E1F2;
			remoteInfo = iOSDemo2;
		};
		B656ABC02B58D1B90035E1F2 /* PBXContainerItemProxy */ = {
			isa = PBXContainerItemProxy;
			containerPortal = B656AB972B58D1B50035E1F2 /* Project object */;
			proxyType = 1;
			remoteGlobalIDString = B656AB9E2B58D1B60035E1F2;
			remoteInfo = iOSDemo2;
		};
/* End PBXContainerItemProxy section */

/* Begin PBXFileReference section */
		00DCA5668C461AD4C1412A1B /* Pods-iOSDemo2Tests.debug.xcconfig */ = {isa = PBXFileReference; includeInIndex = 1; lastKnownFileType = text.xcconfig; name = "Pods-iOSDemo2Tests.debug.xcconfig"; path = "Target Support Files/Pods-iOSDemo2Tests/Pods-iOSDemo2Tests.debug.xcconfig"; sourceTree = "<group>"; };
		16E234D6E314A9D7FD5A18BA /* Pods-iOSDemo2Tests.release.xcconfig */ = {isa = PBXFileReference; includeInIndex = 1; lastKnownFileType = text.xcconfig; name = "Pods-iOSDemo2Tests.release.xcconfig"; path = "Target Support Files/Pods-iOSDemo2Tests/Pods-iOSDemo2Tests.release.xcconfig"; sourceTree = "<group>"; };
		49ED66F2FFDF701ADCA994D6 /* Pods_iOSDemo2_iOSDemo2UITests.framework */ = {isa = PBXFileReference; explicitFileType = wrapper.framework; includeInIndex = 0; path = Pods_iOSDemo2_iOSDemo2UITests.framework; sourceTree = BUILT_PRODUCTS_DIR; };
		6CA1210274AC434384EBB072 /* Pods-iOSDemo2.debug.xcconfig */ = {isa = PBXFileReference; includeInIndex = 1; lastKnownFileType = text.xcconfig; name = "Pods-iOSDemo2.debug.xcconfig"; path = "Target Support Files/Pods-iOSDemo2/Pods-iOSDemo2.debug.xcconfig"; sourceTree = "<group>"; };
		A929B380ED8CAB96E2490D1B /* Pods_iOSDemo2Tests.framework */ = {isa = PBXFileReference; explicitFileType = wrapper.framework; includeInIndex = 0; path = Pods_iOSDemo2Tests.framework; sourceTree = BUILT_PRODUCTS_DIR; };
		B656AB9F2B58D1B60035E1F2 /* iOSDemo2.app */ = {isa = PBXFileReference; explicitFileType = wrapper.application; includeInIndex = 0; path = iOSDemo2.app; sourceTree = BUILT_PRODUCTS_DIR; };
		B656ABA22B58D1B60035E1F2 /* AppDelegate.swift */ = {isa = PBXFileReference; lastKnownFileType = sourcecode.swift; path = AppDelegate.swift; sourceTree = "<group>"; };
		B656ABA62B58D1B60035E1F2 /* ViewController.swift */ = {isa = PBXFileReference; lastKnownFileType = sourcecode.swift; path = ViewController.swift; sourceTree = "<group>"; };
		B656ABAB2B58D1B80035E1F2 /* Assets.xcassets */ = {isa = PBXFileReference; lastKnownFileType = folder.assetcatalog; path = Assets.xcassets; sourceTree = "<group>"; };
		B656ABAE2B58D1B80035E1F2 /* Base */ = {isa = PBXFileReference; lastKnownFileType = file.storyboard; name = Base; path = Base.lproj/LaunchScreen.storyboard; sourceTree = "<group>"; };
		B656ABB02B58D1B80035E1F2 /* Info.plist */ = {isa = PBXFileReference; lastKnownFileType = text.plist.xml; path = Info.plist; sourceTree = "<group>"; };
		B656ABB52B58D1B80035E1F2 /* iOSDemo2Tests.xctest */ = {isa = PBXFileReference; explicitFileType = wrapper.cfbundle; includeInIndex = 0; path = iOSDemo2Tests.xctest; sourceTree = BUILT_PRODUCTS_DIR; };
		B656ABB92B58D1B90035E1F2 /* iOSDemo2Tests.swift */ = {isa = PBXFileReference; lastKnownFileType = sourcecode.swift; path = iOSDemo2Tests.swift; sourceTree = "<group>"; };
		B656ABBF2B58D1B90035E1F2 /* iOSDemo2UITests.xctest */ = {isa = PBXFileReference; explicitFileType = wrapper.cfbundle; includeInIndex = 0; path = iOSDemo2UITests.xctest; sourceTree = BUILT_PRODUCTS_DIR; };
		B656ABC32B58D1B90035E1F2 /* iOSDemo2UITests.swift */ = {isa = PBXFileReference; lastKnownFileType = sourcecode.swift; path = iOSDemo2UITests.swift; sourceTree = "<group>"; };
		B656ABC52B58D1B90035E1F2 /* iOSDemo2UITestsLaunchTests.swift */ = {isa = PBXFileReference; lastKnownFileType = sourcecode.swift; path = iOSDemo2UITestsLaunchTests.swift; sourceTree = "<group>"; };
		B6B870692B5DFF25001E64AF /* Localizable.xcstrings */ = {isa = PBXFileReference; lastKnownFileType = text.json.xcstrings; path = Localizable.xcstrings; sourceTree = "<group>"; };
		B6B8706C2B61EF92001E64AF /* SuperUIColorExtenstion.swift */ = {isa = PBXFileReference; lastKnownFileType = sourcecode.swift; path = SuperUIColorExtenstion.swift; sourceTree = "<group>"; };
		B6B8706E2B61F331001E64AF /* SuperUIThemeExtension.swift */ = {isa = PBXFileReference; lastKnownFileType = sourcecode.swift; path = SuperUIThemeExtension.swift; sourceTree = "<group>"; };
		B6CDEDFD2B5926E400A0AEE4 /* SettingsController.swift */ = {isa = PBXFileReference; lastKnownFileType = sourcecode.swift; path = SettingsController.swift; sourceTree = "<group>"; };
		B6CDEE002B5947E100A0AEE4 /* SettingsView.swift */ = {isa = PBXFileReference; lastKnownFileType = sourcecode.swift; path = SettingsView.swift; sourceTree = "<group>"; };
		CB604DA2872D5AE573D5914A /* Pods_iOSDemo2.framework */ = {isa = PBXFileReference; explicitFileType = wrapper.framework; includeInIndex = 0; path = Pods_iOSDemo2.framework; sourceTree = BUILT_PRODUCTS_DIR; };
		D630889B8A64F380D7C156E2 /* Pods-iOSDemo2.release.xcconfig */ = {isa = PBXFileReference; includeInIndex = 1; lastKnownFileType = text.xcconfig; name = "Pods-iOSDemo2.release.xcconfig"; path = "Target Support Files/Pods-iOSDemo2/Pods-iOSDemo2.release.xcconfig"; sourceTree = "<group>"; };
		F391716767F3E066C4A2F069 /* Pods-iOSDemo2-iOSDemo2UITests.debug.xcconfig */ = {isa = PBXFileReference; includeInIndex = 1; lastKnownFileType = text.xcconfig; name = "Pods-iOSDemo2-iOSDemo2UITests.debug.xcconfig"; path = "Target Support Files/Pods-iOSDemo2-iOSDemo2UITests/Pods-iOSDemo2-iOSDemo2UITests.debug.xcconfig"; sourceTree = "<group>"; };
		FAE77CDE547E5FB2DEF7AE3E /* Pods-iOSDemo2-iOSDemo2UITests.release.xcconfig */ = {isa = PBXFileReference; includeInIndex = 1; lastKnownFileType = text.xcconfig; name = "Pods-iOSDemo2-iOSDemo2UITests.release.xcconfig"; path = "Target Support Files/Pods-iOSDemo2-iOSDemo2UITests/Pods-iOSDemo2-iOSDemo2UITests.release.xcconfig"; sourceTree = "<group>"; };
/* End PBXFileReference section */

/* Begin PBXFrameworksBuildPhase section */
		B656AB9C2B58D1B60035E1F2 /* Frameworks */ = {
			isa = PBXFrameworksBuildPhase;
			buildActionMask = 2147483647;
			files = (
				23688C156EE59B631D7970EB /* Pods_iOSDemo2.framework in Frameworks */,
			);
			runOnlyForDeploymentPostprocessing = 0;
		};
		B656ABB22B58D1B80035E1F2 /* Frameworks */ = {
			isa = PBXFrameworksBuildPhase;
			buildActionMask = 2147483647;
			files = (
				BEEAD7CA86B4AB7D7B89EC14 /* Pods_iOSDemo2Tests.framework in Frameworks */,
			);
			runOnlyForDeploymentPostprocessing = 0;
		};
		B656ABBC2B58D1B90035E1F2 /* Frameworks */ = {
			isa = PBXFrameworksBuildPhase;
			buildActionMask = 2147483647;
			files = (
				D1B6C61E9F82D9C586D8ECC4 /* Pods_iOSDemo2_iOSDemo2UITests.framework in Frameworks */,
			);
			runOnlyForDeploymentPostprocessing = 0;
		};
/* End PBXFrameworksBuildPhase section */

/* Begin PBXGroup section */
		028521F923209CF058BB27DE /* Frameworks */ = {
			isa = PBXGroup;
			children = (
				CB604DA2872D5AE573D5914A /* Pods_iOSDemo2.framework */,
				49ED66F2FFDF701ADCA994D6 /* Pods_iOSDemo2_iOSDemo2UITests.framework */,
				A929B380ED8CAB96E2490D1B /* Pods_iOSDemo2Tests.framework */,
			);
			name = Frameworks;
			sourceTree = "<group>";
		};
		5819AC5CF8EE5498A1897487 /* Pods */ = {
			isa = PBXGroup;
			children = (
				6CA1210274AC434384EBB072 /* Pods-iOSDemo2.debug.xcconfig */,
				D630889B8A64F380D7C156E2 /* Pods-iOSDemo2.release.xcconfig */,
				F391716767F3E066C4A2F069 /* Pods-iOSDemo2-iOSDemo2UITests.debug.xcconfig */,
				FAE77CDE547E5FB2DEF7AE3E /* Pods-iOSDemo2-iOSDemo2UITests.release.xcconfig */,
				00DCA5668C461AD4C1412A1B /* Pods-iOSDemo2Tests.debug.xcconfig */,
				16E234D6E314A9D7FD5A18BA /* Pods-iOSDemo2Tests.release.xcconfig */,
			);
			path = Pods;
			sourceTree = "<group>";
		};
		B656AB962B58D1B50035E1F2 = {
			isa = PBXGroup;
			children = (
				B656ABA12B58D1B60035E1F2 /* iOSDemo2 */,
				B656ABB82B58D1B80035E1F2 /* iOSDemo2Tests */,
				B656ABC22B58D1B90035E1F2 /* iOSDemo2UITests */,
				B656ABA02B58D1B60035E1F2 /* Products */,
				5819AC5CF8EE5498A1897487 /* Pods */,
				028521F923209CF058BB27DE /* Frameworks */,
			);
			sourceTree = "<group>";
		};
		B656ABA02B58D1B60035E1F2 /* Products */ = {
			isa = PBXGroup;
			children = (
				B656AB9F2B58D1B60035E1F2 /* iOSDemo2.app */,
				B656ABB52B58D1B80035E1F2 /* iOSDemo2Tests.xctest */,
				B656ABBF2B58D1B90035E1F2 /* iOSDemo2UITests.xctest */,
			);
			name = Products;
			sourceTree = "<group>";
		};
		B656ABA12B58D1B60035E1F2 /* iOSDemo2 */ = {
			isa = PBXGroup;
			children = (
				B6B8706B2B61EF52001E64AF /* Config */,
				B6CDEDFF2B5947CB00A0AEE4 /* View */,
				B6CDEDFA2B5925A500A0AEE4 /* Controller */,
				B656ABA22B58D1B60035E1F2 /* AppDelegate.swift */,
				B656ABA62B58D1B60035E1F2 /* ViewController.swift */,
				B656ABAB2B58D1B80035E1F2 /* Assets.xcassets */,
				B656ABAD2B58D1B80035E1F2 /* LaunchScreen.storyboard */,
				B656ABB02B58D1B80035E1F2 /* Info.plist */,
				B6B870692B5DFF25001E64AF /* Localizable.xcstrings */,
			);
			path = iOSDemo2;
			sourceTree = "<group>";
		};
		B656ABB82B58D1B80035E1F2 /* iOSDemo2Tests */ = {
			isa = PBXGroup;
			children = (
				B656ABB92B58D1B90035E1F2 /* iOSDemo2Tests.swift */,
			);
			path = iOSDemo2Tests;
			sourceTree = "<group>";
		};
		B656ABC22B58D1B90035E1F2 /* iOSDemo2UITests */ = {
			isa = PBXGroup;
			children = (
				B656ABC32B58D1B90035E1F2 /* iOSDemo2UITests.swift */,
				B656ABC52B58D1B90035E1F2 /* iOSDemo2UITestsLaunchTests.swift */,
			);
			path = iOSDemo2UITests;
			sourceTree = "<group>";
		};
		B6B8706B2B61EF52001E64AF /* Config */ = {
			isa = PBXGroup;
			children = (
				B6B8706C2B61EF92001E64AF /* SuperUIColorExtenstion.swift */,
				B6B8706E2B61F331001E64AF /* SuperUIThemeExtension.swift */,
			);
			path = Config;
			sourceTree = "<group>";
		};
		B6CDEDFA2B5925A500A0AEE4 /* Controller */ = {
			isa = PBXGroup;
			children = (
				B6CDEDFD2B5926E400A0AEE4 /* SettingsController.swift */,
			);
			path = Controller;
			sourceTree = "<group>";
		};
		B6CDEDFF2B5947CB00A0AEE4 /* View */ = {
			isa = PBXGroup;
			children = (
				B6CDEE002B5947E100A0AEE4 /* SettingsView.swift */,
			);
			path = View;
			sourceTree = "<group>";
		};
/* End PBXGroup section */

/* Begin PBXNativeTarget section */
		B656AB9E2B58D1B60035E1F2 /* iOSDemo2 */ = {
			isa = PBXNativeTarget;
			buildConfigurationList = B656ABC92B58D1B90035E1F2 /* Build configuration list for PBXNativeTarget "iOSDemo2" */;
			buildPhases = (
				2B36D898ABDA27E691CAECD0 /* [CP] Check Pods Manifest.lock */,
				B656AB9B2B58D1B60035E1F2 /* Sources */,
				B656AB9C2B58D1B60035E1F2 /* Frameworks */,
				B656AB9D2B58D1B60035E1F2 /* Resources */,
				EA8488096B2C5813DE1EFBA6 /* [CP] Embed Pods Frameworks */,
			);
			buildRules = (
			);
			dependencies = (
			);
			name = iOSDemo2;
			productName = iOSDemo2;
			productReference = B656AB9F2B58D1B60035E1F2 /* iOSDemo2.app */;
			productType = "com.apple.product-type.application";
		};
		B656ABB42B58D1B80035E1F2 /* iOSDemo2Tests */ = {
			isa = PBXNativeTarget;
			buildConfigurationList = B656ABCC2B58D1B90035E1F2 /* Build configuration list for PBXNativeTarget "iOSDemo2Tests" */;
			buildPhases = (
				CE57174A25849223799CD7AF /* [CP] Check Pods Manifest.lock */,
				B656ABB12B58D1B80035E1F2 /* Sources */,
				B656ABB22B58D1B80035E1F2 /* Frameworks */,
				B656ABB32B58D1B80035E1F2 /* Resources */,
			);
			buildRules = (
			);
			dependencies = (
				B656ABB72B58D1B80035E1F2 /* PBXTargetDependency */,
			);
			name = iOSDemo2Tests;
			productName = iOSDemo2Tests;
			productReference = B656ABB52B58D1B80035E1F2 /* iOSDemo2Tests.xctest */;
			productType = "com.apple.product-type.bundle.unit-test";
		};
		B656ABBE2B58D1B90035E1F2 /* iOSDemo2UITests */ = {
			isa = PBXNativeTarget;
			buildConfigurationList = B656ABCF2B58D1B90035E1F2 /* Build configuration list for PBXNativeTarget "iOSDemo2UITests" */;
			buildPhases = (
				A431CB0379504D3CE2AF10E1 /* [CP] Check Pods Manifest.lock */,
				B656ABBB2B58D1B90035E1F2 /* Sources */,
				B656ABBC2B58D1B90035E1F2 /* Frameworks */,
				B656ABBD2B58D1B90035E1F2 /* Resources */,
				19AD75B6A5EE371D7F8F82AC /* [CP] Embed Pods Frameworks */,
			);
			buildRules = (
			);
			dependencies = (
				B656ABC12B58D1B90035E1F2 /* PBXTargetDependency */,
			);
			name = iOSDemo2UITests;
			productName = iOSDemo2UITests;
			productReference = B656ABBF2B58D1B90035E1F2 /* iOSDemo2UITests.xctest */;
			productType = "com.apple.product-type.bundle.ui-testing";
		};
/* End PBXNativeTarget section */

/* Begin PBXProject section */
		B656AB972B58D1B50035E1F2 /* Project object */ = {
			isa = PBXProject;
			attributes = {
				BuildIndependentTargetsInParallel = 1;
				LastSwiftUpdateCheck = 1520;
				LastUpgradeCheck = 1520;
				TargetAttributes = {
					B656AB9E2B58D1B60035E1F2 = {
						CreatedOnToolsVersion = 15.2;
					};
					B656ABB42B58D1B80035E1F2 = {
						CreatedOnToolsVersion = 15.2;
						TestTargetID = B656AB9E2B58D1B60035E1F2;
					};
					B656ABBE2B58D1B90035E1F2 = {
						CreatedOnToolsVersion = 15.2;
						TestTargetID = B656AB9E2B58D1B60035E1F2;
					};
				};
			};
			buildConfigurationList = B656AB9A2B58D1B50035E1F2 /* Build configuration list for PBXProject "iOSDemo2" */;
			compatibilityVersion = "Xcode 14.0";
			developmentRegion = en;
			hasScannedForEncodings = 0;
			knownRegions = (
				en,
				Base,
				"zh-Hans",
				fr,
			);
			mainGroup = B656AB962B58D1B50035E1F2;
			productRefGroup = B656ABA02B58D1B60035E1F2 /* Products */;
			projectDirPath = "";
			projectRoot = "";
			targets = (
				B656AB9E2B58D1B60035E1F2 /* iOSDemo2 */,
				B656ABB42B58D1B80035E1F2 /* iOSDemo2Tests */,
				B656ABBE2B58D1B90035E1F2 /* iOSDemo2UITests */,
			);
		};
/* End PBXProject section */

/* Begin PBXResourcesBuildPhase section */
		B656AB9D2B58D1B60035E1F2 /* Resources */ = {
			isa = PBXResourcesBuildPhase;
			buildActionMask = 2147483647;
			files = (
				B656ABAF2B58D1B80035E1F2 /* LaunchScreen.storyboard in Resources */,
				B656ABAC2B58D1B80035E1F2 /* Assets.xcassets in Resources */,
				B6B8706A2B5DFF25001E64AF /* Localizable.xcstrings in Resources */,
			);
			runOnlyForDeploymentPostprocessing = 0;
		};
		B656ABB32B58D1B80035E1F2 /* Resources */ = {
			isa = PBXResourcesBuildPhase;
			buildActionMask = 2147483647;
			files = (
			);
			runOnlyForDeploymentPostprocessing = 0;
		};
		B656ABBD2B58D1B90035E1F2 /* Resources */ = {
			isa = PBXResourcesBuildPhase;
			buildActionMask = 2147483647;
			files = (
			);
			runOnlyForDeploymentPostprocessing = 0;
		};
/* End PBXResourcesBuildPhase section */

/* Begin PBXShellScriptBuildPhase section */
		19AD75B6A5EE371D7F8F82AC /* [CP] Embed Pods Frameworks */ = {
			isa = PBXShellScriptBuildPhase;
			buildActionMask = 2147483647;
			files = (
			);
			inputFileListPaths = (
				"${PODS_ROOT}/Target Support Files/Pods-iOSDemo2-iOSDemo2UITests/Pods-iOSDemo2-iOSDemo2UITests-frameworks-${CONFIGURATION}-input-files.xcfilelist",
			);
			name = "[CP] Embed Pods Frameworks";
			outputFileListPaths = (
				"${PODS_ROOT}/Target Support Files/Pods-iOSDemo2-iOSDemo2UITests/Pods-iOSDemo2-iOSDemo2UITests-frameworks-${CONFIGURATION}-output-files.xcfilelist",
			);
			runOnlyForDeploymentPostprocessing = 0;
			shellPath = /bin/sh;
			shellScript = "\"${PODS_ROOT}/Target Support Files/Pods-iOSDemo2-iOSDemo2UITests/Pods-iOSDemo2-iOSDemo2UITests-frameworks.sh\"\n";
			showEnvVarsInLog = 0;
		};
		2B36D898ABDA27E691CAECD0 /* [CP] Check Pods Manifest.lock */ = {
			isa = PBXShellScriptBuildPhase;
			buildActionMask = 2147483647;
			files = (
			);
			inputFileListPaths = (
			);
			inputPaths = (
				"${PODS_PODFILE_DIR_PATH}/Podfile.lock",
				"${PODS_ROOT}/Manifest.lock",
			);
			name = "[CP] Check Pods Manifest.lock";
			outputFileListPaths = (
			);
			outputPaths = (
				"$(DERIVED_FILE_DIR)/Pods-iOSDemo2-checkManifestLockResult.txt",
			);
			runOnlyForDeploymentPostprocessing = 0;
			shellPath = /bin/sh;
			shellScript = "diff \"${PODS_PODFILE_DIR_PATH}/Podfile.lock\" \"${PODS_ROOT}/Manifest.lock\" > /dev/null\nif [ $? != 0 ] ; then\n    # print error to STDERR\n    echo \"error: The sandbox is not in sync with the Podfile.lock. Run 'pod install' or update your CocoaPods installation.\" >&2\n    exit 1\nfi\n# This output is used by Xcode 'outputs' to avoid re-running this script phase.\necho \"SUCCESS\" > \"${SCRIPT_OUTPUT_FILE_0}\"\n";
			showEnvVarsInLog = 0;
		};
		A431CB0379504D3CE2AF10E1 /* [CP] Check Pods Manifest.lock */ = {
			isa = PBXShellScriptBuildPhase;
			buildActionMask = 2147483647;
			files = (
			);
			inputFileListPaths = (
			);
			inputPaths = (
				"${PODS_PODFILE_DIR_PATH}/Podfile.lock",
				"${PODS_ROOT}/Manifest.lock",
			);
			name = "[CP] Check Pods Manifest.lock";
			outputFileListPaths = (
			);
			outputPaths = (
				"$(DERIVED_FILE_DIR)/Pods-iOSDemo2-iOSDemo2UITests-checkManifestLockResult.txt",
			);
			runOnlyForDeploymentPostprocessing = 0;
			shellPath = /bin/sh;
			shellScript = "diff \"${PODS_PODFILE_DIR_PATH}/Podfile.lock\" \"${PODS_ROOT}/Manifest.lock\" > /dev/null\nif [ $? != 0 ] ; then\n    # print error to STDERR\n    echo \"error: The sandbox is not in sync with the Podfile.lock. Run 'pod install' or update your CocoaPods installation.\" >&2\n    exit 1\nfi\n# This output is used by Xcode 'outputs' to avoid re-running this script phase.\necho \"SUCCESS\" > \"${SCRIPT_OUTPUT_FILE_0}\"\n";
			showEnvVarsInLog = 0;
		};
		CE57174A25849223799CD7AF /* [CP] Check Pods Manifest.lock */ = {
			isa = PBXShellScriptBuildPhase;
			buildActionMask = 2147483647;
			files = (
			);
			inputFileListPaths = (
			);
			inputPaths = (
				"${PODS_PODFILE_DIR_PATH}/Podfile.lock",
				"${PODS_ROOT}/Manifest.lock",
			);
			name = "[CP] Check Pods Manifest.lock";
			outputFileListPaths = (
			);
			outputPaths = (
				"$(DERIVED_FILE_DIR)/Pods-iOSDemo2Tests-checkManifestLockResult.txt",
			);
			runOnlyForDeploymentPostprocessing = 0;
			shellPath = /bin/sh;
			shellScript = "diff \"${PODS_PODFILE_DIR_PATH}/Podfile.lock\" \"${PODS_ROOT}/Manifest.lock\" > /dev/null\nif [ $? != 0 ] ; then\n    # print error to STDERR\n    echo \"error: The sandbox is not in sync with the Podfile.lock. Run 'pod install' or update your CocoaPods installation.\" >&2\n    exit 1\nfi\n# This output is used by Xcode 'outputs' to avoid re-running this script phase.\necho \"SUCCESS\" > \"${SCRIPT_OUTPUT_FILE_0}\"\n";
			showEnvVarsInLog = 0;
		};
		EA8488096B2C5813DE1EFBA6 /* [CP] Embed Pods Frameworks */ = {
			isa = PBXShellScriptBuildPhase;
			buildActionMask = 2147483647;
			files = (
			);
			inputFileListPaths = (
				"${PODS_ROOT}/Target Support Files/Pods-iOSDemo2/Pods-iOSDemo2-frameworks-${CONFIGURATION}-input-files.xcfilelist",
			);
			name = "[CP] Embed Pods Frameworks";
			outputFileListPaths = (
				"${PODS_ROOT}/Target Support Files/Pods-iOSDemo2/Pods-iOSDemo2-frameworks-${CONFIGURATION}-output-files.xcfilelist",
			);
			runOnlyForDeploymentPostprocessing = 0;
			shellPath = /bin/sh;
			shellScript = "\"${PODS_ROOT}/Target Support Files/Pods-iOSDemo2/Pods-iOSDemo2-frameworks.sh\"\n";
			showEnvVarsInLog = 0;
		};
/* End PBXShellScriptBuildPhase section */

/* Begin PBXSourcesBuildPhase section */
		B656AB9B2B58D1B60035E1F2 /* Sources */ = {
			isa = PBXSourcesBuildPhase;
			buildActionMask = 2147483647;
			files = (
				B6CDEDFE2B5926E400A0AEE4 /* SettingsController.swift in Sources */,
				B6B8706F2B61F331001E64AF /* SuperUIThemeExtension.swift in Sources */,
				B6B8706D2B61EF92001E64AF /* SuperUIColorExtenstion.swift in Sources */,
				B6CDEE012B5947E100A0AEE4 /* SettingsView.swift in Sources */,
				B656ABA72B58D1B60035E1F2 /* ViewController.swift in Sources */,
				B656ABA32B58D1B60035E1F2 /* AppDelegate.swift in Sources */,
			);
			runOnlyForDeploymentPostprocessing = 0;
		};
		B656ABB12B58D1B80035E1F2 /* Sources */ = {
			isa = PBXSourcesBuildPhase;
			buildActionMask = 2147483647;
			files = (
				B656ABBA2B58D1B90035E1F2 /* iOSDemo2Tests.swift in Sources */,
			);
			runOnlyForDeploymentPostprocessing = 0;
		};
		B656ABBB2B58D1B90035E1F2 /* Sources */ = {
			isa = PBXSourcesBuildPhase;
			buildActionMask = 2147483647;
			files = (
				B656ABC62B58D1B90035E1F2 /* iOSDemo2UITestsLaunchTests.swift in Sources */,
				B656ABC42B58D1B90035E1F2 /* iOSDemo2UITests.swift in Sources */,
			);
			runOnlyForDeploymentPostprocessing = 0;
		};
/* End PBXSourcesBuildPhase section */

/* Begin PBXTargetDependency section */
		B656ABB72B58D1B80035E1F2 /* PBXTargetDependency */ = {
			isa = PBXTargetDependency;
			target = B656AB9E2B58D1B60035E1F2 /* iOSDemo2 */;
			targetProxy = B656ABB62B58D1B80035E1F2 /* PBXContainerItemProxy */;
		};
		B656ABC12B58D1B90035E1F2 /* PBXTargetDependency */ = {
			isa = PBXTargetDependency;
			target = B656AB9E2B58D1B60035E1F2 /* iOSDemo2 */;
			targetProxy = B656ABC02B58D1B90035E1F2 /* PBXContainerItemProxy */;
		};
/* End PBXTargetDependency section */

/* Begin PBXVariantGroup section */
		B656ABAD2B58D1B80035E1F2 /* LaunchScreen.storyboard */ = {
			isa = PBXVariantGroup;
			children = (
				B656ABAE2B58D1B80035E1F2 /* Base */,
			);
			name = LaunchScreen.storyboard;
			sourceTree = "<group>";
		};
/* End PBXVariantGroup section */

/* Begin XCBuildConfiguration section */
		B656ABC72B58D1B90035E1F2 /* Debug */ = {
			isa = XCBuildConfiguration;
			buildSettings = {
				ALWAYS_SEARCH_USER_PATHS = NO;
				ASSETCATALOG_COMPILER_GENERATE_SWIFT_ASSET_SYMBOL_EXTENSIONS = YES;
				CLANG_ANALYZER_NONNULL = YES;
				CLANG_ANALYZER_NUMBER_OBJECT_CONVERSION = YES_AGGRESSIVE;
				CLANG_CXX_LANGUAGE_STANDARD = "gnu++20";
				CLANG_ENABLE_MODULES = YES;
				CLANG_ENABLE_OBJC_ARC = YES;
				CLANG_ENABLE_OBJC_WEAK = YES;
				CLANG_WARN_BLOCK_CAPTURE_AUTORELEASING = YES;
				CLANG_WARN_BOOL_CONVERSION = YES;
				CLANG_WARN_COMMA = YES;
				CLANG_WARN_CONSTANT_CONVERSION = YES;
				CLANG_WARN_DEPRECATED_OBJC_IMPLEMENTATIONS = YES;
				CLANG_WARN_DIRECT_OBJC_ISA_USAGE = YES_ERROR;
				CLANG_WARN_DOCUMENTATION_COMMENTS = YES;
				CLANG_WARN_EMPTY_BODY = YES;
				CLANG_WARN_ENUM_CONVERSION = YES;
				CLANG_WARN_INFINITE_RECURSION = YES;
				CLANG_WARN_INT_CONVERSION = YES;
				CLANG_WARN_NON_LITERAL_NULL_CONVERSION = YES;
				CLANG_WARN_OBJC_IMPLICIT_RETAIN_SELF = YES;
				CLANG_WARN_OBJC_LITERAL_CONVERSION = YES;
				CLANG_WARN_OBJC_ROOT_CLASS = YES_ERROR;
				CLANG_WARN_QUOTED_INCLUDE_IN_FRAMEWORK_HEADER = YES;
				CLANG_WARN_RANGE_LOOP_ANALYSIS = YES;
				CLANG_WARN_STRICT_PROTOTYPES = YES;
				CLANG_WARN_SUSPICIOUS_MOVE = YES;
				CLANG_WARN_UNGUARDED_AVAILABILITY = YES_AGGRESSIVE;
				CLANG_WARN_UNREACHABLE_CODE = YES;
				CLANG_WARN__DUPLICATE_METHOD_MATCH = YES;
				COPY_PHASE_STRIP = NO;
				DEBUG_INFORMATION_FORMAT = dwarf;
				ENABLE_STRICT_OBJC_MSGSEND = YES;
				ENABLE_TESTABILITY = YES;
				ENABLE_USER_SCRIPT_SANDBOXING = NO;
				GCC_C_LANGUAGE_STANDARD = gnu17;
				GCC_DYNAMIC_NO_PIC = NO;
				GCC_NO_COMMON_BLOCKS = YES;
				GCC_OPTIMIZATION_LEVEL = 0;
				GCC_PREPROCESSOR_DEFINITIONS = (
					"DEBUG=1",
					"$(inherited)",
				);
				GCC_WARN_64_TO_32_BIT_CONVERSION = YES;
				GCC_WARN_ABOUT_RETURN_TYPE = YES_ERROR;
				GCC_WARN_UNDECLARED_SELECTOR = YES;
				GCC_WARN_UNINITIALIZED_AUTOS = YES_AGGRESSIVE;
				GCC_WARN_UNUSED_FUNCTION = YES;
				GCC_WARN_UNUSED_VARIABLE = YES;
				IPHONEOS_DEPLOYMENT_TARGET = 17.2;
				LOCALIZATION_PREFERS_STRING_CATALOGS = YES;
				MTL_ENABLE_DEBUG_INFO = INCLUDE_SOURCE;
				MTL_FAST_MATH = YES;
				ONLY_ACTIVE_ARCH = YES;
				SDKROOT = iphoneos;
				SWIFT_ACTIVE_COMPILATION_CONDITIONS = "DEBUG $(inherited)";
				SWIFT_OPTIMIZATION_LEVEL = "-Onone";
			};
			name = Debug;
		};
		B656ABC82B58D1B90035E1F2 /* Release */ = {
			isa = XCBuildConfiguration;
			buildSettings = {
				ALWAYS_SEARCH_USER_PATHS = NO;
				ASSETCATALOG_COMPILER_GENERATE_SWIFT_ASSET_SYMBOL_EXTENSIONS = YES;
				CLANG_ANALYZER_NONNULL = YES;
				CLANG_ANALYZER_NUMBER_OBJECT_CONVERSION = YES_AGGRESSIVE;
				CLANG_CXX_LANGUAGE_STANDARD = "gnu++20";
				CLANG_ENABLE_MODULES = YES;
				CLANG_ENABLE_OBJC_ARC = YES;
				CLANG_ENABLE_OBJC_WEAK = YES;
				CLANG_WARN_BLOCK_CAPTURE_AUTORELEASING = YES;
				CLANG_WARN_BOOL_CONVERSION = YES;
				CLANG_WARN_COMMA = YES;
				CLANG_WARN_CONSTANT_CONVERSION = YES;
				CLANG_WARN_DEPRECATED_OBJC_IMPLEMENTATIONS = YES;
				CLANG_WARN_DIRECT_OBJC_ISA_USAGE = YES_ERROR;
				CLANG_WARN_DOCUMENTATION_COMMENTS = YES;
				CLANG_WARN_EMPTY_BODY = YES;
				CLANG_WARN_ENUM_CONVERSION = YES;
				CLANG_WARN_INFINITE_RECURSION = YES;
				CLANG_WARN_INT_CONVERSION = YES;
				CLANG_WARN_NON_LITERAL_NULL_CONVERSION = YES;
				CLANG_WARN_OBJC_IMPLICIT_RETAIN_SELF = YES;
				CLANG_WARN_OBJC_LITERAL_CONVERSION = YES;
				CLANG_WARN_OBJC_ROOT_CLASS = YES_ERROR;
				CLANG_WARN_QUOTED_INCLUDE_IN_FRAMEWORK_HEADER = YES;
				CLANG_WARN_RANGE_LOOP_ANALYSIS = YES;
				CLANG_WARN_STRICT_PROTOTYPES = YES;
				CLANG_WARN_SUSPICIOUS_MOVE = YES;
				CLANG_WARN_UNGUARDED_AVAILABILITY = YES_AGGRESSIVE;
				CLANG_WARN_UNREACHABLE_CODE = YES;
				CLANG_WARN__DUPLICATE_METHOD_MATCH = YES;
				COPY_PHASE_STRIP = NO;
				DEBUG_INFORMATION_FORMAT = "dwarf-with-dsym";
				ENABLE_NS_ASSERTIONS = NO;
				ENABLE_STRICT_OBJC_MSGSEND = YES;
				ENABLE_USER_SCRIPT_SANDBOXING = NO;
				GCC_C_LANGUAGE_STANDARD = gnu17;
				GCC_NO_COMMON_BLOCKS = YES;
				GCC_WARN_64_TO_32_BIT_CONVERSION = YES;
				GCC_WARN_ABOUT_RETURN_TYPE = YES_ERROR;
				GCC_WARN_UNDECLARED_SELECTOR = YES;
				GCC_WARN_UNINITIALIZED_AUTOS = YES_AGGRESSIVE;
				GCC_WARN_UNUSED_FUNCTION = YES;
				GCC_WARN_UNUSED_VARIABLE = YES;
				IPHONEOS_DEPLOYMENT_TARGET = 17.2;
				LOCALIZATION_PREFERS_STRING_CATALOGS = YES;
				MTL_ENABLE_DEBUG_INFO = NO;
				MTL_FAST_MATH = YES;
				SDKROOT = iphoneos;
				SWIFT_COMPILATION_MODE = wholemodule;
				VALIDATE_PRODUCT = YES;
			};
			name = Release;
		};
		B656ABCA2B58D1B90035E1F2 /* Debug */ = {
			isa = XCBuildConfiguration;
			baseConfigurationReference = 6CA1210274AC434384EBB072 /* Pods-iOSDemo2.debug.xcconfig */;
			buildSettings = {
				ASSETCATALOG_COMPILER_APPICON_NAME = AppIcon;
				ASSETCATALOG_COMPILER_GLOBAL_ACCENT_COLOR_NAME = AccentColor;
				CODE_SIGN_STYLE = Automatic;
				CURRENT_PROJECT_VERSION = 1;
				DEVELOPMENT_TEAM = F33UFCXDQH;
				GENERATE_INFOPLIST_FILE = YES;
				INFOPLIST_FILE = iOSDemo2/Info.plist;
				INFOPLIST_KEY_UIApplicationSupportsIndirectInputEvents = YES;
				INFOPLIST_KEY_UILaunchStoryboardName = LaunchScreen;
				INFOPLIST_KEY_UIMainStoryboardFile = "";
				INFOPLIST_KEY_UISupportedInterfaceOrientations = "UIInterfaceOrientationLandscapeLeft UIInterfaceOrientationLandscapeRight UIInterfaceOrientationPortrait";
				INFOPLIST_KEY_UISupportedInterfaceOrientations_iPad = UIInterfaceOrientationPortrait;
				LD_RUNPATH_SEARCH_PATHS = (
					"$(inherited)",
					"@executable_path/Frameworks",
				);
				MARKETING_VERSION = 1.0;
				PRODUCT_BUNDLE_IDENTIFIER = com.c.w2.iOSDemo2;
				PRODUCT_NAME = "$(TARGET_NAME)";
				SWIFT_EMIT_LOC_STRINGS = YES;
				SWIFT_VERSION = 5.0;
				TARGETED_DEVICE_FAMILY = "1,2";
			};
			name = Debug;
		};
		B656ABCB2B58D1B90035E1F2 /* Release */ = {
			isa = XCBuildConfiguration;
			baseConfigurationReference = D630889B8A64F380D7C156E2 /* Pods-iOSDemo2.release.xcconfig */;
			buildSettings = {
				ASSETCATALOG_COMPILER_APPICON_NAME = AppIcon;
				ASSETCATALOG_COMPILER_GLOBAL_ACCENT_COLOR_NAME = AccentColor;
				CODE_SIGN_STYLE = Automatic;
				CURRENT_PROJECT_VERSION = 1;
				DEVELOPMENT_TEAM = F33UFCXDQH;
				GENERATE_INFOPLIST_FILE = YES;
				INFOPLIST_FILE = iOSDemo2/Info.plist;
				INFOPLIST_KEY_UIApplicationSupportsIndirectInputEvents = YES;
				INFOPLIST_KEY_UILaunchStoryboardName = LaunchScreen;
				INFOPLIST_KEY_UIMainStoryboardFile = "";
				INFOPLIST_KEY_UISupportedInterfaceOrientations = "UIInterfaceOrientationLandscapeLeft UIInterfaceOrientationLandscapeRight UIInterfaceOrientationPortrait";
				INFOPLIST_KEY_UISupportedInterfaceOrientations_iPad = UIInterfaceOrientationPortrait;
				LD_RUNPATH_SEARCH_PATHS = (
					"$(inherited)",
					"@executable_path/Frameworks",
				);
				MARKETING_VERSION = 1.0;
				PRODUCT_BUNDLE_IDENTIFIER = com.c.w2.iOSDemo2;
				PRODUCT_NAME = "$(TARGET_NAME)";
				SWIFT_EMIT_LOC_STRINGS = YES;
				SWIFT_VERSION = 5.0;
				TARGETED_DEVICE_FAMILY = "1,2";
			};
			name = Release;
		};
		B656ABCD2B58D1B90035E1F2 /* Debug */ = {
			isa = XCBuildConfiguration;
			baseConfigurationReference = 00DCA5668C461AD4C1412A1B /* Pods-iOSDemo2Tests.debug.xcconfig */;
			buildSettings = {
				ALWAYS_EMBED_SWIFT_STANDARD_LIBRARIES = YES;
				BUNDLE_LOADER = "$(TEST_HOST)";
				CODE_SIGN_STYLE = Automatic;
				CURRENT_PROJECT_VERSION = 1;
				DEVELOPMENT_TEAM = F33UFCXDQH;
				GENERATE_INFOPLIST_FILE = YES;
				IPHONEOS_DEPLOYMENT_TARGET = 17.2;
				MARKETING_VERSION = 1.0;
				PRODUCT_BUNDLE_IDENTIFIER = com.c.w2.iOSDemo2Tests;
				PRODUCT_NAME = "$(TARGET_NAME)";
				SWIFT_EMIT_LOC_STRINGS = NO;
				SWIFT_VERSION = 5.0;
				TARGETED_DEVICE_FAMILY = "1,2";
				TEST_HOST = "$(BUILT_PRODUCTS_DIR)/iOSDemo2.app/$(BUNDLE_EXECUTABLE_FOLDER_PATH)/iOSDemo2";
			};
			name = Debug;
		};
		B656ABCE2B58D1B90035E1F2 /* Release */ = {
			isa = XCBuildConfiguration;
			baseConfigurationReference = 16E234D6E314A9D7FD5A18BA /* Pods-iOSDemo2Tests.release.xcconfig */;
			buildSettings = {
				ALWAYS_EMBED_SWIFT_STANDARD_LIBRARIES = YES;
				BUNDLE_LOADER = "$(TEST_HOST)";
				CODE_SIGN_STYLE = Automatic;
				CURRENT_PROJECT_VERSION = 1;
				DEVELOPMENT_TEAM = F33UFCXDQH;
				GENERATE_INFOPLIST_FILE = YES;
				IPHONEOS_DEPLOYMENT_TARGET = 17.2;
				MARKETING_VERSION = 1.0;
				PRODUCT_BUNDLE_IDENTIFIER = com.c.w2.iOSDemo2Tests;
				PRODUCT_NAME = "$(TARGET_NAME)";
				SWIFT_EMIT_LOC_STRINGS = NO;
				SWIFT_VERSION = 5.0;
				TARGETED_DEVICE_FAMILY = "1,2";
				TEST_HOST = "$(BUILT_PRODUCTS_DIR)/iOSDemo2.app/$(BUNDLE_EXECUTABLE_FOLDER_PATH)/iOSDemo2";
			};
			name = Release;
		};
		B656ABD02B58D1B90035E1F2 /* Debug */ = {
			isa = XCBuildConfiguration;
			baseConfigurationReference = F391716767F3E066C4A2F069 /* Pods-iOSDemo2-iOSDemo2UITests.debug.xcconfig */;
			buildSettings = {
				ALWAYS_EMBED_SWIFT_STANDARD_LIBRARIES = "$(inherited)";
				CODE_SIGN_STYLE = Automatic;
				CURRENT_PROJECT_VERSION = 1;
				DEVELOPMENT_TEAM = F33UFCXDQH;
				GENERATE_INFOPLIST_FILE = YES;
				MARKETING_VERSION = 1.0;
				PRODUCT_BUNDLE_IDENTIFIER = com.c.w2.iOSDemo2UITests;
				PRODUCT_NAME = "$(TARGET_NAME)";
				SWIFT_EMIT_LOC_STRINGS = NO;
				SWIFT_VERSION = 5.0;
				TARGETED_DEVICE_FAMILY = "1,2";
				TEST_TARGET_NAME = iOSDemo2;
			};
			name = Debug;
		};
		B656ABD12B58D1B90035E1F2 /* Release */ = {
			isa = XCBuildConfiguration;
			baseConfigurationReference = FAE77CDE547E5FB2DEF7AE3E /* Pods-iOSDemo2-iOSDemo2UITests.release.xcconfig */;
			buildSettings = {
				ALWAYS_EMBED_SWIFT_STANDARD_LIBRARIES = "$(inherited)";
				CODE_SIGN_STYLE = Automatic;
				CURRENT_PROJECT_VERSION = 1;
				DEVELOPMENT_TEAM = F33UFCXDQH;
				GENERATE_INFOPLIST_FILE = YES;
				MARKETING_VERSION = 1.0;
				PRODUCT_BUNDLE_IDENTIFIER = com.c.w2.iOSDemo2UITests;
				PRODUCT_NAME = "$(TARGET_NAME)";
				SWIFT_EMIT_LOC_STRINGS = NO;
				SWIFT_VERSION = 5.0;
				TARGETED_DEVICE_FAMILY = "1,2";
				TEST_TARGET_NAME = iOSDemo2;
			};
			name = Release;
		};
/* End XCBuildConfiguration section */

/* Begin XCConfigurationList section */
		B656AB9A2B58D1B50035E1F2 /* Build configuration list for PBXProject "iOSDemo2" */ = {
			isa = XCConfigurationList;
			buildConfigurations = (
				B656ABC72B58D1B90035E1F2 /* Debug */,
				B656ABC82B58D1B90035E1F2 /* Release */,
			);
			defaultConfigurationIsVisible = 0;
			defaultConfigurationName = Release;
		};
		B656ABC92B58D1B90035E1F2 /* Build configuration list for PBXNativeTarget "iOSDemo2" */ = {
			isa = XCConfigurationList;
			buildConfigurations = (
				B656ABCA2B58D1B90035E1F2 /* Debug */,
				B656ABCB2B58D1B90035E1F2 /* Release */,
			);
			defaultConfigurationIsVisible = 0;
			defaultConfigurationName = Release;
		};
		B656ABCC2B58D1B90035E1F2 /* Build configuration list for PBXNativeTarget "iOSDemo2Tests" */ = {
			isa = XCConfigurationList;
			buildConfigurations = (
				B656ABCD2B58D1B90035E1F2 /* Debug */,
				B656ABCE2B58D1B90035E1F2 /* Release */,
			);
			defaultConfigurationIsVisible = 0;
			defaultConfigurationName = Release;
		};
		B656ABCF2B58D1B90035E1F2 /* Build configuration list for PBXNativeTarget "iOSDemo2UITests" */ = {
			isa = XCConfigurationList;
			buildConfigurations = (
				B656ABD02B58D1B90035E1F2 /* Debug */,
				B656ABD12B58D1B90035E1F2 /* Release */,
			);
			defaultConfigurationIsVisible = 0;
			defaultConfigurationName = Release;
		};
/* End XCConfigurationList section */
	};
	rootObject = B656AB972B58D1B50035E1F2 /* Project object */;
}
